
Microsoft Visual Studio Solution File, Format Version 12.00
# Visual Studio Version 17
VisualStudioVersion = 17.9.34616.47
MinimumVisualStudioVersion = 10.0.40219.1
Project("{FAE04EC0-301F-11D3-BF4B-00C04F79EFBC}") = "T2_HoangNam", "T2_HoangNam\T2_HoangNam.csproj", "{F4AD38E9-23CE-43BC-8204-0577F8056332}"
EndProject
Global
	GlobalSection(SolutionConfigurationPlatforms) = preSolution
		Debug|Any CPU = Debug|Any CPU
		Release|Any CPU = Release|Any CPU
	EndGlobalSection
	GlobalSection(ProjectConfigurationPlatforms) = postSolution
		{F4AD38E9-23CE-43BC-8204-0577F8056332}.Debug|Any CPU.ActiveCfg = Debug|Any CPU
		{F4AD38E9-23CE-43BC-8204-0577F8056332}.Debug|Any CPU.Build.0 = Debug|Any CPU
		{F4AD38E9-23CE-43BC-8204-0577F8056332}.Release|Any CPU.ActiveCfg = Release|Any CPU
		{F4AD38E9-23CE-43BC-8204-0577F8056332}.Release|Any CPU.Build.0 = Release|Any CPU
	EndGlobalSection
	GlobalSection(SolutionProperties) = preSolution
		HideSolutionNode = FALSE
	EndGlobalSection
	GlobalSection(ExtensibilityGlobals) = postSolution
		SolutionGuid = {731AC723-C74A-49CF-B37E-BA6F85224F2E}
	EndGlobalSection
EndGlobal
